
Microsoft Visual Studio Solution File, Format Version 12.00
# Visual Studio Version 17
VisualStudioVersion = 17.11.35312.102
MinimumVisualStudioVersion = 10.0.40219.1
Project("{FAE04EC0-301F-11D3-BF4B-00C04F79EFBC}") = "IdleTimer", "IdleTimer\IdleTimer.csproj", "{F092C34B-2DA2-4D05-BCDB-84F02FA16653}"
EndProject
Global
	GlobalSection(SolutionConfigurationPlatforms) = preSolution
		Debug|Any CPU = Debug|Any CPU
		Release|Any CPU = Release|Any CPU
	EndGlobalSection
	GlobalSection(ProjectConfigurationPlatforms) = postSolution
		{F092C34B-2DA2-4D05-BCDB-84F02FA16653}.Debug|Any CPU.ActiveCfg = Debug|Any CPU
		{F092C34B-2DA2-4D05-BCDB-84F02FA16653}.Debug|Any CPU.Build.0 = Debug|Any CPU
		{F092C34B-2DA2-4D05-BCDB-84F02FA16653}.Release|Any CPU.ActiveCfg = Release|Any CPU
		{F092C34B-2DA2-4D05-BCDB-84F02FA16653}.Release|Any CPU.Build.0 = Release|Any CPU
	EndGlobalSection
	GlobalSection(SolutionProperties) = preSolution
		HideSolutionNode = FALSE
	EndGlobalSection
	GlobalSection(ExtensibilityGlobals) = postSolution
		SolutionGuid = {2CB97D67-E452-48AD-8A41-F76FC087A4A6}
	EndGlobalSection
EndGlobal
